{

  "name": "Good Morning",

  "description": "NA",

  "version": "0.0.0",

  "main": "index.js",

  "engines": {

    "node": "12.16.x"

  },

  "scripts": {

    "start": "node index.js"

  },

  "dependencies": {

    "discord.js": "11.1.0",

    "request": "2.81.0"

  }
}
